// !$*UTF8*$!
{
	archiveVersion = 1;
	classes = {
	};
	objectVersion = 77;
	objects = {

/* Begin PBXContainerItemProxy section */
		93946FB02D4825C000E94D10 /* PBXContainerItemProxy */ = {
			isa = PBXContainerItemProxy;
			containerPortal = 93946F972D4825BF00E94D10 /* Project object */;
			proxyType = 1;
			remoteGlobalIDString = 93946F9E2D4825BF00E94D10;
			remoteInfo = FetchMealsChallenge;
		};
		93946FBA2D4825C100E94D10 /* PBXContainerItemProxy */ = {
			isa = PBXContainerItemProxy;
			containerPortal = 93946F972D4825BF00E94D10 /* Project object */;
			proxyType = 1;
			remoteGlobalIDString = 93946F9E2D4825BF00E94D10;
			remoteInfo = FetchMealsChallenge;
		};
/* End PBXContainerItemProxy section */

/* Begin PBXFileReference section */
		93946F9F2D4825BF00E94D10 /* FetchRecipesChallenge.app */ = {isa = PBXFileReference; explicitFileType = wrapper.application; includeInIndex = 0; path = FetchRecipesChallenge.app; sourceTree = BUILT_PRODUCTS_DIR; };
		93946FAF2D4825C000E94D10 /* FetchRecipesChallengeTests.xctest */ = {isa = PBXFileReference; explicitFileType = wrapper.cfbundle; includeInIndex = 0; path = FetchRecipesChallengeTests.xctest; sourceTree = BUILT_PRODUCTS_DIR; };
		93946FB92D4825C100E94D10 /* FetchRecipesChallengeUITests.xctest */ = {isa = PBXFileReference; explicitFileType = wrapper.cfbundle; includeInIndex = 0; path = FetchRecipesChallengeUITests.xctest; sourceTree = BUILT_PRODUCTS_DIR; };
/* End PBXFileReference section */

/* Begin PBXFileSystemSynchronizedRootGroup section */
		93946FA12D4825BF00E94D10 /* FetchRecipesChallenge */ = {
			isa = PBXFileSystemSynchronizedRootGroup;
			path = FetchRecipesChallenge;
			sourceTree = "<group>";
		};
		93946FB22D4825C000E94D10 /* FetchRecipesChallengeTests */ = {
			isa = PBXFileSystemSynchronizedRootGroup;
			path = FetchRecipesChallengeTests;
			sourceTree = "<group>";
		};
		93946FBC2D4825C100E94D10 /* FetchRecipesChallengeUITests */ = {
			isa = PBXFileSystemSynchronizedRootGroup;
			path = FetchRecipesChallengeUITests;
			sourceTree = "<group>";
		};
/* End PBXFileSystemSynchronizedRootGroup section */

/* Begin PBXFrameworksBuildPhase section */
		93946F9C2D4825BF00E94D10 /* Frameworks */ = {
			isa = PBXFrameworksBuildPhase;
			buildActionMask = 2147483647;
			files = (
			);
			runOnlyForDeploymentPostprocessing = 0;
		};
		93946FAC2D4825C000E94D10 /* Frameworks */ = {
			isa = PBXFrameworksBuildPhase;
			buildActionMask = 2147483647;
			files = (
			);
			runOnlyForDeploymentPostprocessing = 0;
		};
		93946FB62D4825C100E94D10 /* Frameworks */ = {
			isa = PBXFrameworksBuildPhase;
			buildActionMask = 2147483647;
			files = (
			);
			runOnlyForDeploymentPostprocessing = 0;
		};
/* End PBXFrameworksBuildPhase section */

/* Begin PBXGroup section */
		93946F962D4825BF00E94D10 = {
			isa = PBXGroup;
			children = (
				93946FA12D4825BF00E94D10 /* FetchRecipesChallenge */,
				93946FB22D4825C000E94D10 /* FetchRecipesChallengeTests */,
				93946FBC2D4825C100E94D10 /* FetchRecipesChallengeUITests */,
				93946FA02D4825BF00E94D10 /* Products */,
			);
			sourceTree = "<group>";
		};
		93946FA02D4825BF00E94D10 /* Products */ = {
			isa = PBXGroup;
			children = (
				93946F9F2D4825BF00E94D10 /* FetchRecipesChallenge.app */,
				93946FAF2D4825C000E94D10 /* FetchRecipesChallengeTests.xctest */,
				93946FB92D4825C100E94D10 /* FetchRecipesChallengeUITests.xctest */,
			);
			name = Products;
			sourceTree = "<group>";
		};
/* End PBXGroup section */

/* Begin PBXNativeTarget section */
		93946F9E2D4825BF00E94D10 /* FetchRecipesChallenge */ = {
			isa = PBXNativeTarget;
			buildConfigurationList = 93946FC32D4825C100E94D10 /* Build configuration list for PBXNativeTarget "FetchRecipesChallenge" */;
			buildPhases = (
				93946F9B2D4825BF00E94D10 /* Sources */,
				93946F9C2D4825BF00E94D10 /* Frameworks */,
				93946F9D2D4825BF00E94D10 /* Resources */,
			);
			buildRules = (
			);
			dependencies = (
			);
			fileSystemSynchronizedGroups = (
				93946FA12D4825BF00E94D10 /* FetchRecipesChallenge */,
			);
			name = FetchRecipesChallenge;
			packageProductDependencies = (
			);
			productName = FetchMealsChallenge;
			productReference = 93946F9F2D4825BF00E94D10 /* FetchRecipesChallenge.app */;
			productType = "com.apple.product-type.application";
		};
		93946FAE2D4825C000E94D10 /* FetchRecipesChallengeTests */ = {
			isa = PBXNativeTarget;
			buildConfigurationList = 93946FC62D4825C100E94D10 /* Build configuration list for PBXNativeTarget "FetchRecipesChallengeTests" */;
			buildPhases = (
				93946FAB2D4825C000E94D10 /* Sources */,
				93946FAC2D4825C000E94D10 /* Frameworks */,
				93946FAD2D4825C000E94D10 /* Resources */,
			);
			buildRules = (
			);
			dependencies = (
				93946FB12D4825C000E94D10 /* PBXTargetDependency */,
			);
			fileSystemSynchronizedGroups = (
				93946FB22D4825C000E94D10 /* FetchRecipesChallengeTests */,
			);
			name = FetchRecipesChallengeTests;
			packageProductDependencies = (
			);
			productName = FetchMealsChallengeTests;
			productReference = 93946FAF2D4825C000E94D10 /* FetchRecipesChallengeTests.xctest */;
			productType = "com.apple.product-type.bundle.unit-test";
		};
		93946FB82D4825C100E94D10 /* FetchRecipesChallengeUITests */ = {
			isa = PBXNativeTarget;
			buildConfigurationList = 93946FC92D4825C100E94D10 /* Build configuration list for PBXNativeTarget "FetchRecipesChallengeUITests" */;
			buildPhases = (
				93946FB52D4825C100E94D10 /* Sources */,
				93946FB62D4825C100E94D10 /* Frameworks */,
				93946FB72D4825C100E94D10 /* Resources */,
			);
			buildRules = (
			);
			dependencies = (
				93946FBB2D4825C100E94D10 /* PBXTargetDependency */,
			);
			fileSystemSynchronizedGroups = (
				93946FBC2D4825C100E94D10 /* FetchRecipesChallengeUITests */,
			);
			name = FetchRecipesChallengeUITests;
			packageProductDependencies = (
			);
			productName = FetchMealsChallengeUITests;
			productReference = 93946FB92D4825C100E94D10 /* FetchRecipesChallengeUITests.xctest */;
			productType = "com.apple.product-type.bundle.ui-testing";
		};
/* End PBXNativeTarget section */

/* Begin PBXProject section */
		93946F972D4825BF00E94D10 /* Project object */ = {
			isa = PBXProject;
			attributes = {
				BuildIndependentTargetsInParallel = 1;
				LastSwiftUpdateCheck = 1620;
				LastUpgradeCheck = 1620;
				TargetAttributes = {
					93946F9E2D4825BF00E94D10 = {
						CreatedOnToolsVersion = 16.2;
					};
					93946FAE2D4825C000E94D10 = {
						CreatedOnToolsVersion = 16.2;
						TestTargetID = 93946F9E2D4825BF00E94D10;
					};
					93946FB82D4825C100E94D10 = {
						CreatedOnToolsVersion = 16.2;
						TestTargetID = 93946F9E2D4825BF00E94D10;
					};
				};
			};
			buildConfigurationList = 93946F9A2D4825BF00E94D10 /* Build configuration list for PBXProject "FetchRecipesChallenge" */;
			developmentRegion = en;
			hasScannedForEncodings = 0;
			knownRegions = (
				en,
				Base,
			);
			mainGroup = 93946F962D4825BF00E94D10;
			minimizedProjectReferenceProxies = 1;
			preferredProjectObjectVersion = 77;
			productRefGroup = 93946FA02D4825BF00E94D10 /* Products */;
			projectDirPath = "";
			projectRoot = "";
			targets = (
				93946F9E2D4825BF00E94D10 /* FetchRecipesChallenge */,
				93946FAE2D4825C000E94D10 /* FetchRecipesChallengeTests */,
				93946FB82D4825C100E94D10 /* FetchRecipesChallengeUITests */,
			);
		};
/* End PBXProject section */

/* Begin PBXResourcesBuildPhase section */
		93946F9D2D4825BF00E94D10 /* Resources */ = {
			isa = PBXResourcesBuildPhase;
			buildActionMask = 2147483647;
			files = (
			);
			runOnlyForDeploymentPostprocessing = 0;
		};
		93946FAD2D4825C000E94D10 /* Resources */ = {
			isa = PBXResourcesBuildPhase;
			buildActionMask = 2147483647;
			files = (
			);
			runOnlyForDeploymentPostprocessing = 0;
		};
		93946FB72D4825C100E94D10 /* Resources */ = {
			isa = PBXResourcesBuildPhase;
			buildActionMask = 2147483647;
			files = (
			);
			runOnlyForDeploymentPostprocessing = 0;
		};
/* End PBXResourcesBuildPhase section */

/* Begin PBXSourcesBuildPhase section */
		93946F9B2D4825BF00E94D10 /* Sources */ = {
			isa = PBXSourcesBuildPhase;
			buildActionMask = 2147483647;
			files = (
			);
			runOnlyForDeploymentPostprocessing = 0;
		};
		93946FAB2D4825C000E94D10 /* Sources */ = {
			isa = PBXSourcesBuildPhase;
			buildActionMask = 2147483647;
			files = (
			);
			runOnlyForDeploymentPostprocessing = 0;
		};
		93946FB52D4825C100E94D10 /* Sources */ = {
			isa = PBXSourcesBuildPhase;
			buildActionMask = 2147483647;
			files = (
			);
			runOnlyForDeploymentPostprocessing = 0;
		};
/* End PBXSourcesBuildPhase section */

/* Begin PBXTargetDependency section */
		93946FB12D4825C000E94D10 /* PBXTargetDependency */ = {
			isa = PBXTargetDependency;
			target = 93946F9E2D4825BF00E94D10 /* FetchRecipesChallenge */;
			targetProxy = 93946FB02D4825C000E94D10 /* PBXContainerItemProxy */;
		};
		93946FBB2D4825C100E94D10 /* PBXTargetDependency */ = {
			isa = PBXTargetDependency;
			target = 93946F9E2D4825BF00E94D10 /* FetchRecipesChallenge */;
			targetProxy = 93946FBA2D4825C100E94D10 /* PBXContainerItemProxy */;
		};
/* End PBXTargetDependency section */

/* Begin XCBuildConfiguration section */
		93946FC12D4825C100E94D10 /* Debug */ = {
			isa = XCBuildConfiguration;
			buildSettings = {
				ALWAYS_SEARCH_USER_PATHS = NO;
				ASSETCATALOG_COMPILER_GENERATE_SWIFT_ASSET_SYMBOL_EXTENSIONS = YES;
				CLANG_ANALYZER_NONNULL = YES;
				CLANG_ANALYZER_NUMBER_OBJECT_CONVERSION = YES_AGGRESSIVE;
				CLANG_CXX_LANGUAGE_STANDARD = "gnu++20";
				CLANG_ENABLE_MODULES = YES;
				CLANG_ENABLE_OBJC_ARC = YES;
				CLANG_ENABLE_OBJC_WEAK = YES;
				CLANG_WARN_BLOCK_CAPTURE_AUTORELEASING = YES;
				CLANG_WARN_BOOL_CONVERSION = YES;
				CLANG_WARN_COMMA = YES;
				CLANG_WARN_CONSTANT_CONVERSION = YES;
				CLANG_WARN_DEPRECATED_OBJC_IMPLEMENTATIONS = YES;
				CLANG_WARN_DIRECT_OBJC_ISA_USAGE = YES_ERROR;
				CLANG_WARN_DOCUMENTATION_COMMENTS = YES;
				CLANG_WARN_EMPTY_BODY = YES;
				CLANG_WARN_ENUM_CONVERSION = YES;
				CLANG_WARN_INFINITE_RECURSION = YES;
				CLANG_WARN_INT_CONVERSION = YES;
				CLANG_WARN_NON_LITERAL_NULL_CONVERSION = YES;
				CLANG_WARN_OBJC_IMPLICIT_RETAIN_SELF = YES;
				CLANG_WARN_OBJC_LITERAL_CONVERSION = YES;
				CLANG_WARN_OBJC_ROOT_CLASS = YES_ERROR;
				CLANG_WARN_QUOTED_INCLUDE_IN_FRAMEWORK_HEADER = YES;
				CLANG_WARN_RANGE_LOOP_ANALYSIS = YES;
				CLANG_WARN_STRICT_PROTOTYPES = YES;
				CLANG_WARN_SUSPICIOUS_MOVE = YES;
				CLANG_WARN_UNGUARDED_AVAILABILITY = YES_AGGRESSIVE;
				CLANG_WARN_UNREACHABLE_CODE = YES;
				CLANG_WARN__DUPLICATE_METHOD_MATCH = YES;
				COPY_PHASE_STRIP = NO;
				DEBUG_INFORMATION_FORMAT = dwarf;
				ENABLE_STRICT_OBJC_MSGSEND = YES;
				ENABLE_TESTABILITY = YES;
				ENABLE_USER_SCRIPT_SANDBOXING = YES;
				GCC_C_LANGUAGE_STANDARD = gnu17;
				GCC_DYNAMIC_NO_PIC = NO;
				GCC_NO_COMMON_BLOCKS = YES;
				GCC_OPTIMIZATION_LEVEL = 0;
				GCC_PREPROCESSOR_DEFINITIONS = (
					"DEBUG=1",
					"$(inherited)",
				);
				GCC_WARN_64_TO_32_BIT_CONVERSION = YES;
				GCC_WARN_ABOUT_RETURN_TYPE = YES_ERROR;
				GCC_WARN_UNDECLARED_SELECTOR = YES;
				GCC_WARN_UNINITIALIZED_AUTOS = YES_AGGRESSIVE;
				GCC_WARN_UNUSED_FUNCTION = YES;
				GCC_WARN_UNUSED_VARIABLE = YES;
				IPHONEOS_DEPLOYMENT_TARGET = 18.2;
				LOCALIZATION_PREFERS_STRING_CATALOGS = YES;
				MTL_ENABLE_DEBUG_INFO = INCLUDE_SOURCE;
				MTL_FAST_MATH = YES;
				ONLY_ACTIVE_ARCH = YES;
				SDKROOT = iphoneos;
				SWIFT_ACTIVE_COMPILATION_CONDITIONS = "DEBUG $(inherited)";
				SWIFT_OPTIMIZATION_LEVEL = "-Onone";
			};
			name = Debug;
		};
		93946FC22D4825C100E94D10 /* Release */ = {
			isa = XCBuildConfiguration;
			buildSettings = {
				ALWAYS_SEARCH_USER_PATHS = NO;
				ASSETCATALOG_COMPILER_GENERATE_SWIFT_ASSET_SYMBOL_EXTENSIONS = YES;
				CLANG_ANALYZER_NONNULL = YES;
				CLANG_ANALYZER_NUMBER_OBJECT_CONVERSION = YES_AGGRESSIVE;
				CLANG_CXX_LANGUAGE_STANDARD = "gnu++20";
				CLANG_ENABLE_MODULES = YES;
				CLANG_ENABLE_OBJC_ARC = YES;
				CLANG_ENABLE_OBJC_WEAK = YES;
				CLANG_WARN_BLOCK_CAPTURE_AUTORELEASING = YES;
				CLANG_WARN_BOOL_CONVERSION = YES;
				CLANG_WARN_COMMA = YES;
				CLANG_WARN_CONSTANT_CONVERSION = YES;
				CLANG_WARN_DEPRECATED_OBJC_IMPLEMENTATIONS = YES;
				CLANG_WARN_DIRECT_OBJC_ISA_USAGE = YES_ERROR;
				CLANG_WARN_DOCUMENTATION_COMMENTS = YES;
				CLANG_WARN_EMPTY_BODY = YES;
				CLANG_WARN_ENUM_CONVERSION = YES;
				CLANG_WARN_INFINITE_RECURSION = YES;
				CLANG_WARN_INT_CONVERSION = YES;
				CLANG_WARN_NON_LITERAL_NULL_CONVERSION = YES;
				CLANG_WARN_OBJC_IMPLICIT_RETAIN_SELF = YES;
				CLANG_WARN_OBJC_LITERAL_CONVERSION = YES;
				CLANG_WARN_OBJC_ROOT_CLASS = YES_ERROR;
				CLANG_WARN_QUOTED_INCLUDE_IN_FRAMEWORK_HEADER = YES;
				CLANG_WARN_RANGE_LOOP_ANALYSIS = YES;
				CLANG_WARN_STRICT_PROTOTYPES = YES;
				CLANG_WARN_SUSPICIOUS_MOVE = YES;
				CLANG_WARN_UNGUARDED_AVAILABILITY = YES_AGGRESSIVE;
				CLANG_WARN_UNREACHABLE_CODE = YES;
				CLANG_WARN__DUPLICATE_METHOD_MATCH = YES;
				COPY_PHASE_STRIP = NO;
				DEBUG_INFORMATION_FORMAT = "dwarf-with-dsym";
				ENABLE_NS_ASSERTIONS = NO;
				ENABLE_STRICT_OBJC_MSGSEND = YES;
				ENABLE_USER_SCRIPT_SANDBOXING = YES;
				GCC_C_LANGUAGE_STANDARD = gnu17;
				GCC_NO_COMMON_BLOCKS = YES;
				GCC_WARN_64_TO_32_BIT_CONVERSION = YES;
				GCC_WARN_ABOUT_RETURN_TYPE = YES_ERROR;
				GCC_WARN_UNDECLARED_SELECTOR = YES;
				GCC_WARN_UNINITIALIZED_AUTOS = YES_AGGRESSIVE;
				GCC_WARN_UNUSED_FUNCTION = YES;
				GCC_WARN_UNUSED_VARIABLE = YES;
				IPHONEOS_DEPLOYMENT_TARGET = 18.2;
				LOCALIZATION_PREFERS_STRING_CATALOGS = YES;
				MTL_ENABLE_DEBUG_INFO = NO;
				MTL_FAST_MATH = YES;
				SDKROOT = iphoneos;
				SWIFT_COMPILATION_MODE = wholemodule;
				VALIDATE_PRODUCT = YES;
			};
			name = Release;
		};
		93946FC42D4825C100E94D10 /* Debug */ = {
			isa = XCBuildConfiguration;
			buildSettings = {
				ASSETCATALOG_COMPILER_APPICON_NAME = AppIcon;
				ASSETCATALOG_COMPILER_GLOBAL_ACCENT_COLOR_NAME = AccentColor;
				CODE_SIGN_STYLE = Automatic;
				CURRENT_PROJECT_VERSION = 1;
				DEVELOPMENT_ASSET_PATHS = "\"FetchRecipesChallenge/Preview Content\"";
				DEVELOPMENT_TEAM = 8BWMNX8FD2;
				ENABLE_PREVIEWS = YES;
				GENERATE_INFOPLIST_FILE = YES;
				INFOPLIST_KEY_UIApplicationSceneManifest_Generation = YES;
				INFOPLIST_KEY_UIApplicationSupportsIndirectInputEvents = YES;
				INFOPLIST_KEY_UILaunchScreen_Generation = YES;
				INFOPLIST_KEY_UISupportedInterfaceOrientations_iPad = "UIInterfaceOrientationPortrait UIInterfaceOrientationPortraitUpsideDown UIInterfaceOrientationLandscapeLeft UIInterfaceOrientationLandscapeRight";
				INFOPLIST_KEY_UISupportedInterfaceOrientations_iPhone = "UIInterfaceOrientationPortrait UIInterfaceOrientationLandscapeLeft UIInterfaceOrientationLandscapeRight";
				LD_RUNPATH_SEARCH_PATHS = (
					"$(inherited)",
					"@executable_path/Frameworks",
				);
				MARKETING_VERSION = 1.0;
				PRODUCT_BUNDLE_IDENTIFIER = KrunalMistry.FetchMealsChallenge;
				PRODUCT_NAME = "$(TARGET_NAME)";
				SWIFT_EMIT_LOC_STRINGS = YES;
				SWIFT_VERSION = 5.0;
				TARGETED_DEVICE_FAMILY = "1,2";
			};
			name = Debug;
		};
		93946FC52D4825C100E94D10 /* Release */ = {
			isa = XCBuildConfiguration;
			buildSettings = {
				ASSETCATALOG_COMPILER_APPICON_NAME = AppIcon;
				ASSETCATALOG_COMPILER_GLOBAL_ACCENT_COLOR_NAME = AccentColor;
				CODE_SIGN_STYLE = Automatic;
				CURRENT_PROJECT_VERSION = 1;
				DEVELOPMENT_ASSET_PATHS = "\"FetchRecipesChallenge/Preview Content\"";
				DEVELOPMENT_TEAM = 8BWMNX8FD2;
				ENABLE_PREVIEWS = YES;
				GENERATE_INFOPLIST_FILE = YES;
				INFOPLIST_KEY_UIApplicationSceneManifest_Generation = YES;
				INFOPLIST_KEY_UIApplicationSupportsIndirectInputEvents = YES;
				INFOPLIST_KEY_UILaunchScreen_Generation = YES;
				INFOPLIST_KEY_UISupportedInterfaceOrientations_iPad = "UIInterfaceOrientationPortrait UIInterfaceOrientationPortraitUpsideDown UIInterfaceOrientationLandscapeLeft UIInterfaceOrientationLandscapeRight";
				INFOPLIST_KEY_UISupportedInterfaceOrientations_iPhone = "UIInterfaceOrientationPortrait UIInterfaceOrientationLandscapeLeft UIInterfaceOrientationLandscapeRight";
				LD_RUNPATH_SEARCH_PATHS = (
					"$(inherited)",
					"@executable_path/Frameworks",
				);
				MARKETING_VERSION = 1.0;
				PRODUCT_BUNDLE_IDENTIFIER = KrunalMistry.FetchMealsChallenge;
				PRODUCT_NAME = "$(TARGET_NAME)";
				SWIFT_EMIT_LOC_STRINGS = YES;
				SWIFT_VERSION = 5.0;
				TARGETED_DEVICE_FAMILY = "1,2";
			};
			name = Release;
		};
		93946FC72D4825C100E94D10 /* Debug */ = {
			isa = XCBuildConfiguration;
			buildSettings = {
				BUNDLE_LOADER = "$(TEST_HOST)";
				CODE_SIGN_STYLE = Automatic;
				CURRENT_PROJECT_VERSION = 1;
				DEVELOPMENT_TEAM = 8BWMNX8FD2;
				GENERATE_INFOPLIST_FILE = YES;
				IPHONEOS_DEPLOYMENT_TARGET = 18.2;
				MARKETING_VERSION = 1.0;
				PRODUCT_BUNDLE_IDENTIFIER = KrunalMistry.FetchMealsChallengeTests;
				PRODUCT_NAME = "$(TARGET_NAME)";
				SWIFT_EMIT_LOC_STRINGS = NO;
				SWIFT_VERSION = 5.0;
				TARGETED_DEVICE_FAMILY = "1,2";
				TEST_HOST = "$(BUILT_PRODUCTS_DIR)/FetchRecipesChallenge.app/$(BUNDLE_EXECUTABLE_FOLDER_PATH)/FetchRecipesChallenge";
			};
			name = Debug;
		};
		93946FC82D4825C100E94D10 /* Release */ = {
			isa = XCBuildConfiguration;
			buildSettings = {
				BUNDLE_LOADER = "$(TEST_HOST)";
				CODE_SIGN_STYLE = Automatic;
				CURRENT_PROJECT_VERSION = 1;
				DEVELOPMENT_TEAM = 8BWMNX8FD2;
				GENERATE_INFOPLIST_FILE = YES;
				IPHONEOS_DEPLOYMENT_TARGET = 18.2;
				MARKETING_VERSION = 1.0;
				PRODUCT_BUNDLE_IDENTIFIER = KrunalMistry.FetchMealsChallengeTests;
				PRODUCT_NAME = "$(TARGET_NAME)";
				SWIFT_EMIT_LOC_STRINGS = NO;
				SWIFT_VERSION = 5.0;
				TARGETED_DEVICE_FAMILY = "1,2";
				TEST_HOST = "$(BUILT_PRODUCTS_DIR)/FetchRecipesChallenge.app/$(BUNDLE_EXECUTABLE_FOLDER_PATH)/FetchRecipesChallenge";
			};
			name = Release;
		};
		93946FCA2D4825C100E94D10 /* Debug */ = {
			isa = XCBuildConfiguration;
			buildSettings = {
				CODE_SIGN_STYLE = Automatic;
				CURRENT_PROJECT_VERSION = 1;
				DEVELOPMENT_TEAM = 8BWMNX8FD2;
				GENERATE_INFOPLIST_FILE = YES;
				MARKETING_VERSION = 1.0;
				PRODUCT_BUNDLE_IDENTIFIER = KrunalMistry.FetchMealsChallengeUITests;
				PRODUCT_NAME = "$(TARGET_NAME)";
				SWIFT_EMIT_LOC_STRINGS = NO;
				SWIFT_VERSION = 5.0;
				TARGETED_DEVICE_FAMILY = "1,2";
				TEST_TARGET_NAME = FetchMealsChallenge;
			};
			name = Debug;
		};
		93946FCB2D4825C100E94D10 /* Release */ = {
			isa = XCBuildConfiguration;
			buildSettings = {
				CODE_SIGN_STYLE = Automatic;
				CURRENT_PROJECT_VERSION = 1;
				DEVELOPMENT_TEAM = 8BWMNX8FD2;
				GENERATE_INFOPLIST_FILE = YES;
				MARKETING_VERSION = 1.0;
				PRODUCT_BUNDLE_IDENTIFIER = KrunalMistry.FetchMealsChallengeUITests;
				PRODUCT_NAME = "$(TARGET_NAME)";
				SWIFT_EMIT_LOC_STRINGS = NO;
				SWIFT_VERSION = 5.0;
				TARGETED_DEVICE_FAMILY = "1,2";
				TEST_TARGET_NAME = FetchMealsChallenge;
			};
			name = Release;
		};
/* End XCBuildConfiguration section */

/* Begin XCConfigurationList section */
		93946F9A2D4825BF00E94D10 /* Build configuration list for PBXProject "FetchRecipesChallenge" */ = {
			isa = XCConfigurationList;
			buildConfigurations = (
				93946FC12D4825C100E94D10 /* Debug */,
				93946FC22D4825C100E94D10 /* Release */,
			);
			defaultConfigurationIsVisible = 0;
			defaultConfigurationName = Release;
		};
		93946FC32D4825C100E94D10 /* Build configuration list for PBXNativeTarget "FetchRecipesChallenge" */ = {
			isa = XCConfigurationList;
			buildConfigurations = (
				93946FC42D4825C100E94D10 /* Debug */,
				93946FC52D4825C100E94D10 /* Release */,
			);
			defaultConfigurationIsVisible = 0;
			defaultConfigurationName = Release;
		};
		93946FC62D4825C100E94D10 /* Build configuration list for PBXNativeTarget "FetchRecipesChallengeTests" */ = {
			isa = XCConfigurationList;
			buildConfigurations = (
				93946FC72D4825C100E94D10 /* Debug */,
				93946FC82D4825C100E94D10 /* Release */,
			);
			defaultConfigurationIsVisible = 0;
			defaultConfigurationName = Release;
		};
		93946FC92D4825C100E94D10 /* Build configuration list for PBXNativeTarget "FetchRecipesChallengeUITests" */ = {
			isa = XCConfigurationList;
			buildConfigurations = (
				93946FCA2D4825C100E94D10 /* Debug */,
				93946FCB2D4825C100E94D10 /* Release */,
			);
			defaultConfigurationIsVisible = 0;
			defaultConfigurationName = Release;
		};
/* End XCConfigurationList section */
	};
	rootObject = 93946F972D4825BF00E94D10 /* Project object */;
}
